
Microsoft Visual Studio Solution File, Format Version 12.00
# Visual Studio Version 17
VisualStudioVersion = 17.7.34024.191
MinimumVisualStudioVersion = 10.0.40219.1
Project("{FAE04EC0-301F-11D3-BF4B-00C04F79EFBC}") = "RestaurantReservation", "RestaurantReservation\RestaurantReservation.csproj", "{E3AAB51A-519D-4102-A5A1-558619F94CAB}"
EndProject
Global
	GlobalSection(SolutionConfigurationPlatforms) = preSolution
		Debug|Any CPU = Debug|Any CPU
		Release|Any CPU = Release|Any CPU
	EndGlobalSection
	GlobalSection(ProjectConfigurationPlatforms) = postSolution
		{E3AAB51A-519D-4102-A5A1-558619F94CAB}.Debug|Any CPU.ActiveCfg = Debug|Any CPU
		{E3AAB51A-519D-4102-A5A1-558619F94CAB}.Debug|Any CPU.Build.0 = Debug|Any CPU
		{E3AAB51A-519D-4102-A5A1-558619F94CAB}.Release|Any CPU.ActiveCfg = Release|Any CPU
		{E3AAB51A-519D-4102-A5A1-558619F94CAB}.Release|Any CPU.Build.0 = Release|Any CPU
	EndGlobalSection
	GlobalSection(SolutionProperties) = preSolution
		HideSolutionNode = FALSE
	EndGlobalSection
	GlobalSection(ExtensibilityGlobals) = postSolution
		SolutionGuid = {A3F58B57-959B-4BFD-A6D8-2C9BB06CB83C}
	EndGlobalSection
EndGlobal
